
Microsoft Visual Studio Solution File, Format Version 12.00
Project("{FAE04EC0-301F-11D3-BF4B-00C04F79EFBC}") = "GameClient", "GameClient\GameClient.csproj", "{B55F4427-FCA4-4D1A-B6A2-BDC32AEBDA02}"
EndProject
Project("{FAE04EC0-301F-11D3-BF4B-00C04F79EFBC}") = "GameServer", "GameServer\GameServer.csproj", "{9DDD5BE5-16D3-4EB7-A068-0434CD53AD53}"
EndProject
Global
	GlobalSection(SolutionConfigurationPlatforms) = preSolution
		Debug|Any CPU = Debug|Any CPU
		Release|Any CPU = Release|Any CPU
	EndGlobalSection
	GlobalSection(ProjectConfigurationPlatforms) = postSolution
		{B55F4427-FCA4-4D1A-B6A2-BDC32AEBDA02}.Debug|Any CPU.ActiveCfg = Debug|Any CPU
		{B55F4427-FCA4-4D1A-B6A2-BDC32AEBDA02}.Debug|Any CPU.Build.0 = Debug|Any CPU
		{B55F4427-FCA4-4D1A-B6A2-BDC32AEBDA02}.Release|Any CPU.ActiveCfg = Release|Any CPU
		{B55F4427-FCA4-4D1A-B6A2-BDC32AEBDA02}.Release|Any CPU.Build.0 = Release|Any CPU
		{9DDD5BE5-16D3-4EB7-A068-0434CD53AD53}.Debug|Any CPU.ActiveCfg = Debug|Any CPU
		{9DDD5BE5-16D3-4EB7-A068-0434CD53AD53}.Debug|Any CPU.Build.0 = Debug|Any CPU
		{9DDD5BE5-16D3-4EB7-A068-0434CD53AD53}.Release|Any CPU.ActiveCfg = Release|Any CPU
		{9DDD5BE5-16D3-4EB7-A068-0434CD53AD53}.Release|Any CPU.Build.0 = Release|Any CPU
	EndGlobalSection
EndGlobal
